{
  "version": 4,
  "terraform_version": "1.4.6",
  "serial": 22,
  "lineage": "505b6b5c-fe15-7195-0c5c-eda06ff8b27b",
  "outputs": {},
  "resources": [
    {
      "mode": "data",
      "type": "azurerm_client_config",
      "name": "current",
      "provider": "provider[\"registry.terraform.io/hashicorp/azurerm\"]",
      "instances": [
        {
          "schema_version": 0,
          "attributes": {
            "client_id": "04b07795-8ddb-461a-bbee-02f9e1bf7b46",
            "id": "Y2xpZW50Q29uZmlncy9jbGllbnRJZD0wNGIwNzc5NS04ZGRiLTQ2MWEtYmJlZS0wMmY5ZTFiZjdiNDY7b2JqZWN0SWQ9MzBiNjJiMGUtMDRlZS00NTlhLThiNzMtOTYwNjFlZjRmMzU5O3N1YnNjcmlwdGlvbklkPTRhYTBhNDMyLTExYmQtNDY1Yi04NDU0LTI3MGNlMWYyMGIxMTt0ZW5hbnRJZD01OWUyNjgzOS04ZTNhLTQwYTYtODU0MC0yNjRjZjZkZjEwNTk=",
            "object_id": "30b62b0e-04ee-459a-8b73-96061ef4f359",
            "subscription_id": "4aa0a432-11bd-465b-8454-270ce1f20b11",
            "tenant_id": "59e26839-8e3a-40a6-8540-264cf6df1059",
            "timeouts": null
          },
          "sensitive_attributes": []
        }
      ]
    },
    {
      "mode": "managed",
      "type": "azurerm_key_vault",
      "name": "keyvault",
      "provider": "provider[\"registry.terraform.io/hashicorp/azurerm\"]",
      "instances": [
        {
          "schema_version": 2,
          "attributes": {
            "access_policy": [
              {
                "application_id": "",
                "certificate_permissions": null,
                "key_permissions": [
                  "Get"
                ],
                "object_id": "30b62b0e-04ee-459a-8b73-96061ef4f359",
                "secret_permissions": [
                  "Get",
                  "List",
                  "Set",
                  "Delete"
                ],
                "storage_permissions": null,
                "tenant_id": "59e26839-8e3a-40a6-8540-264cf6df1059"
              }
            ],
            "contact": [],
            "enable_rbac_authorization": true,
            "enabled_for_deployment": false,
            "enabled_for_disk_encryption": false,
            "enabled_for_template_deployment": false,
            "id": "/subscriptions/4aa0a432-11bd-465b-8454-270ce1f20b11/resourceGroups/rg-kv_terraform_np/providers/Microsoft.KeyVault/vaults/testterraformkvnp",
            "location": "westeurope",
            "name": "testterraformkvnp",
            "network_acls": [
              {
                "bypass": "AzureServices",
                "default_action": "Allow",
                "ip_rules": [],
                "virtual_network_subnet_ids": []
              }
            ],
            "public_network_access_enabled": true,
            "purge_protection_enabled": false,
            "resource_group_name": "rg-kv_terraform_np",
            "sku_name": "standard",
            "soft_delete_retention_days": 90,
            "tags": {
              "application": "Production",
              "source": "ID Vault"
            },
            "tenant_id": "59e26839-8e3a-40a6-8540-264cf6df1059",
            "timeouts": null,
            "vault_uri": "https://testterraformkvnp.vault.azure.net/"
          },
          "sensitive_attributes": [],
          "private": "eyJlMmJmYjczMC1lY2FhLTExZTYtOGY4OC0zNDM2M2JjN2M0YzAiOnsiY3JlYXRlIjoxODAwMDAwMDAwMDAwLCJkZWxldGUiOjE4MDAwMDAwMDAwMDAsInJlYWQiOjMwMDAwMDAwMDAwMCwidXBkYXRlIjoxODAwMDAwMDAwMDAwfSwic2NoZW1hX3ZlcnNpb24iOiIyIn0=",
          "dependencies": [
            "azurerm_resource_group.rg",
            "data.azurerm_client_config.current"
          ]
        }
      ]
    },
    {
      "mode": "managed",
      "type": "azurerm_resource_group",
      "name": "rg",
      "provider": "provider[\"registry.terraform.io/hashicorp/azurerm\"]",
      "instances": [
        {
          "schema_version": 0,
          "attributes": {
            "id": "/subscriptions/4aa0a432-11bd-465b-8454-270ce1f20b11/resourceGroups/rg-kv_terraform_np",
            "location": "westeurope",
            "name": "rg-kv_terraform_np",
            "tags": null,
            "timeouts": null
          },
          "sensitive_attributes": [],
          "private": "eyJlMmJmYjczMC1lY2FhLTExZTYtOGY4OC0zNDM2M2JjN2M0YzAiOnsiY3JlYXRlIjo1NDAwMDAwMDAwMDAwLCJkZWxldGUiOjU0MDAwMDAwMDAwMDAsInJlYWQiOjMwMDAwMDAwMDAwMCwidXBkYXRlIjo1NDAwMDAwMDAwMDAwfX0="
        }
      ]
    }
  ],
  "check_results": null
}
