{
  "version": 4,
  "terraform_version": "1.4.6",
  "serial": 12,
  "lineage": "193c44f1-a594-999f-40fb-e9cce19f7709",
  "outputs": {
    "kvid": {
      "value": "/subscriptions/4aa0a432-11bd-465b-8454-270ce1f20b11/resourceGroups/rg-kv_terraform_np/providers/Microsoft.KeyVault/vaults/testterraformkvnp",
      "type": "string"
    }
  },
  "resources": [
    {
      "mode": "data",
      "type": "azurerm_key_vault",
      "name": "keyvault",
      "provider": "provider[\"registry.terraform.io/hashicorp/azurerm\"]",
      "instances": [
        {
          "schema_version": 0,
          "attributes": {
            "access_policy": [
              {
                "application_id": "",
                "certificate_permissions": [],
                "key_permissions": [
                  "Get"
                ],
                "object_id": "30b62b0e-04ee-459a-8b73-96061ef4f359",
                "secret_permissions": [
                  "Get",
                  "List",
                  "Set",
                  "Delete"
                ],
                "storage_permissions": [],
                "tenant_id": "59e26839-8e3a-40a6-8540-264cf6df1059"
              }
            ],
            "enable_rbac_authorization": true,
            "enabled_for_deployment": false,
            "enabled_for_disk_encryption": false,
            "enabled_for_template_deployment": false,
            "id": "/subscriptions/4aa0a432-11bd-465b-8454-270ce1f20b11/resourceGroups/rg-kv_terraform_np/providers/Microsoft.KeyVault/vaults/testterraformkvnp",
            "location": "westeurope",
            "name": "testterraformkvnp",
            "network_acls": [],
            "public_network_access_enabled": true,
            "purge_protection_enabled": false,
            "resource_group_name": "rg-kv_terraform_np",
            "sku_name": "standard",
            "tags": {
              "application": "Production",
              "source": "ID Vault"
            },
            "tenant_id": "59e26839-8e3a-40a6-8540-264cf6df1059",
            "timeouts": null,
            "vault_uri": "https://testterraformkvnp.vault.azure.net/"
          },
          "sensitive_attributes": []
        }
      ]
    },
    {
      "mode": "data",
      "type": "azurerm_key_vault_secret",
      "name": "secretval",
      "provider": "provider[\"registry.terraform.io/hashicorp/azurerm\"]",
      "instances": [
        {
          "schema_version": 0,
          "attributes": {
            "content_type": "",
            "expiration_date": null,
            "id": "https://testterraformkvnp.vault.azure.net/secrets/DatabasePassword/49c992f6e6674f5bb47633fd4e0e09f1",
            "key_vault_id": "/subscriptions/4aa0a432-11bd-465b-8454-270ce1f20b11/resourceGroups/rg-kv_terraform_np/providers/Microsoft.KeyVault/vaults/testterraformkvnp",
            "name": "DatabasePassword",
            "not_before_date": null,
            "resource_id": "/subscriptions/4aa0a432-11bd-465b-8454-270ce1f20b11/resourceGroups/rg-kv_terraform_np/providers/Microsoft.KeyVault/vaults/testterraformkvnp/secrets/DatabasePassword/versions/49c992f6e6674f5bb47633fd4e0e09f1",
            "resource_versionless_id": "/subscriptions/4aa0a432-11bd-465b-8454-270ce1f20b11/resourceGroups/rg-kv_terraform_np/providers/Microsoft.KeyVault/vaults/testterraformkvnp/secrets/DatabasePassword",
            "tags": {
              "tag1": "tag_value_1",
              "tag2": "tag_value_2"
            },
            "timeouts": null,
            "value": "@Aa123456789!",
            "version": "49c992f6e6674f5bb47633fd4e0e09f1",
            "versionless_id": "https://testterraformkvnp.vault.azure.net/secrets/DatabasePassword"
          },
          "sensitive_attributes": []
        }
      ]
    },
    {
      "mode": "managed",
      "type": "azurerm_role_assignment",
      "name": "role-secret-user",
      "provider": "provider[\"registry.terraform.io/hashicorp/azurerm\"]",
      "instances": [
        {
          "schema_version": 0,
          "attributes": {
            "condition": "",
            "condition_version": "",
            "delegated_managed_identity_resource_id": "",
            "description": "",
            "id": "/subscriptions/4aa0a432-11bd-465b-8454-270ce1f20b11/resourceGroups/rg-kv_terraform_np/providers/Microsoft.KeyVault/vaults/testterraformkvnp/secrets/DatabasePassword/providers/Microsoft.Authorization/roleAssignments/34008625-03b3-042d-0467-d82eac270591",
            "name": "34008625-03b3-042d-0467-d82eac270591",
            "principal_id": "30b62b0e-04ee-459a-8b73-96061ef4f359",
            "principal_type": "User",
            "role_definition_id": "/subscriptions/4aa0a432-11bd-465b-8454-270ce1f20b11/providers/Microsoft.Authorization/roleDefinitions/4633458b-17de-408a-b874-0445c86b69e6",
            "role_definition_name": "Key Vault Secrets User",
            "scope": "/subscriptions/4aa0a432-11bd-465b-8454-270ce1f20b11/resourceGroups/rg-kv_terraform_np/providers/Microsoft.KeyVault/vaults/testterraformkvnp/secrets/DatabasePassword",
            "skip_service_principal_aad_check": null,
            "timeouts": null
          },
          "sensitive_attributes": [],
          "private": "eyJlMmJmYjczMC1lY2FhLTExZTYtOGY4OC0zNDM2M2JjN2M0YzAiOnsiY3JlYXRlIjoxODAwMDAwMDAwMDAwLCJkZWxldGUiOjE4MDAwMDAwMDAwMDAsInJlYWQiOjMwMDAwMDAwMDAwMCwidXBkYXRlIjoxODAwMDAwMDAwMDAwfX0=",
          "dependencies": [
            "data.azurerm_key_vault.keyvault",
            "data.azurerm_key_vault_secret.secretval"
          ]
        }
      ]
    }
  ],
  "check_results": null
}
